version = 1
revision = 3
requires-python = ">=3.11"

[[package]]
name = "msgspec"
version = "0.21.0"
source = { registry = "https://pypi.org/simple" }
sdist = { url = "https://files.pythonhosted.org/packages/c2/ae/d8fab0915716e70910012c0410d16b5eedf542493d19aa80c155215208bf/msgspec-0.21.0.tar.gz", hash = "sha256:9a37c1fb022f895bb24dfac597e449e19eb0cbe62447a832601cb19bb480b51d", size = 318712, upload-time = "2026-04-08T19:57:50.919Z" }
wheels = [
    { url = "https://files.pythonhosted.org/packages/b2/34/a66dea16444967e3fc0991aff57ef473e2214e5bbdbe3c2b3139d2ccec7b/msgspec-0.21.0-cp311-cp311-macosx_10_9_x86_64.whl", hash = "sha256:0634e676eb334fde291310f1d0f23bf48332977c2d0ebdaf98dfcd9437091782", size = 192890, upload-time = "2026-04-08T19:56:54.892Z" },
    { url = "https://files.pythonhosted.org/packages/bc/16/418ba970f74707e2590954f7fda0b44c1d2242d3835aecf914f1dd3080e6/msgspec-0.21.0-cp311-cp311-macosx_11_0_arm64.whl", hash = "sha256:47220291d6cbc7980098d0e7593e77d86158ff08b9e61d64b2559928e5457828", size = 186383, upload-time = "2026-04-08T19:56:56.424Z" },
    { url = "https://files.pythonhosted.org/packages/4c/68/a745bfbaf6cf88db27294e242aa02cb392bb9b8efeb076c0e2abdeaa51b8/msgspec-0.21.0-cp311-cp311-manylinux2014_aarch64.manylinux_2_17_aarch64.manylinux_2_28_aarch64.whl", hash = "sha256:79a582748a2461204347d89adb5e500a0064d6d81c62e19342b5755bfcce23d2", size = 214968, upload-time = "2026-04-08T19:56:57.814Z" },
    { url = "https://files.pythonhosted.org/packages/68/da/fda01c754dc85aed67ac0b7d3b213ab50b5b39f15f5eb072b2baf0edb689/msgspec-0.21.0-cp311-cp311-manylinux2014_x86_64.manylinux_2_17_x86_64.manylinux_2_28_x86_64.whl", hash = "sha256:f2a80db664c75f336cff5e17df7861c23fa47bec6f96c2c3f94be773cc675821", size = 219652, upload-time = "2026-04-08T19:56:59.118Z" },
    { url = "https://files.pythonhosted.org/packages/f5/ff/8edf835d8e54b6d7431950cfce3c9f66c5bad3eb0651c4792989c0769845/msgspec-0.21.0-cp311-cp311-musllinux_1_2_aarch64.whl", hash = "sha256:74de7d8831e4cb6e39ccc92d100fe50cecd2b2a8729089505437633e4fa52ffa", size = 220085, upload-time = "2026-04-08T19:57:00.518Z" },
    { url = "https://files.pythonhosted.org/packages/e9/4e/c21b1f7927cd00f56eaf0c8f182b96cd81707f153dce872876ed8b97bbca/msgspec-0.21.0-cp311-cp311-musllinux_1_2_x86_64.whl", hash = "sha256:e67b0bbc71b8146c159682747e625411349bd051905a474ca832dc828174dfb8", size = 223025, upload-time = "2026-04-08T19:57:01.911Z" },
    { url = "https://files.pythonhosted.org/packages/ee/06/924ab2c12b55b479e41039345e988bf935aabea92fbe90b7faf93166740c/msgspec-0.21.0-cp311-cp311-win_amd64.whl", hash = "sha256:03c472124cbbbcfbf0d2f429f62a8fb2d12b6633448a884dd1a875ab32aa59b4", size = 188362, upload-time = "2026-04-08T19:57:03.362Z" },
    { url = "https://files.pythonhosted.org/packages/46/10/4e85bba53b8f4514608578afcf82ae13cae1a043f87ad639c619aef955cf/msgspec-0.21.0-cp311-cp311-win_arm64.whl", hash = "sha256:b84ee1e334953e02aefce8bcde73e2a89e03e193aa9851e2e49810e00a9fd088", size = 174268, upload-time = "2026-04-08T19:57:04.855Z" },
    { url = "https://files.pythonhosted.org/packages/66/57/93fb97be49db1ff62aeda477e1fef6eab739df17a05234e476b644234fdc/msgspec-0.21.0-cp312-cp312-macosx_10_13_x86_64.whl", hash = "sha256:797d8f563c29ccc2047e699099cf8ab72dc41858c5bdd100d4689a0310072bff", size = 195880, upload-time = "2026-04-08T19:57:06.419Z" },
    { url = "https://files.pythonhosted.org/packages/7f/d1/3af0f8b31768552068a890e406488b1ce91ef935eb8ff001f1f130a0a3f3/msgspec-0.21.0-cp312-cp312-macosx_11_0_arm64.whl", hash = "sha256:7c978ea4d2afa8f06fec2fab47f478f187e5523569c4613d135f4d9db4831de7", size = 188262, upload-time = "2026-04-08T19:57:07.648Z" },
    { url = "https://files.pythonhosted.org/packages/a4/69/a978335a9724a69ac4428e06be1cb8ce7e737453857575028159bd264ded/msgspec-0.21.0-cp312-cp312-manylinux2014_aarch64.manylinux_2_17_aarch64.manylinux_2_28_aarch64.whl", hash = "sha256:46e5e9b23bfa453572d8290541327d84cac1f74bbf45b88053dfea3b92d2608b", size = 218640, upload-time = "2026-04-08T19:57:09.203Z" },
    { url = "https://files.pythonhosted.org/packages/7b/34/3cb2b8a506850b8667c1167eb817a0b6605ebdf0027d301815ca2404f72b/msgspec-0.21.0-cp312-cp312-manylinux2014_x86_64.manylinux_2_17_x86_64.manylinux_2_28_x86_64.whl", hash = "sha256:7ff68f1f12aa3fa1335b79a5bb8b9158cfea2944b4cf8253d05fe28ab6d3510f", size = 224786, upload-time = "2026-04-08T19:57:10.679Z" },
    { url = "https://files.pythonhosted.org/packages/ff/4e/690f1487f72f37ca4482d4c63dceaf48d2b68db76d374108d7f0a15cc72c/msgspec-0.21.0-cp312-cp312-musllinux_1_2_aarch64.whl", hash = "sha256:6067127b5e44430a59fddff8d934a7a37ce96862cb25994415b68db7d4457bd5", size = 222514, upload-time = "2026-04-08T19:57:11.974Z" },
    { url = "https://files.pythonhosted.org/packages/83/95/4199f819d2b82db9c7d6de235591c02eebe4796672184eccad7f2b67d4e1/msgspec-0.21.0-cp312-cp312-musllinux_1_2_x86_64.whl", hash = "sha256:11043d534a1bfcd08f1d4d5b50ba60015527b4c8517ec12c2213899e81913584", size = 227101, upload-time = "2026-04-08T19:57:13.278Z" },
    { url = "https://files.pythonhosted.org/packages/98/f5/56aaed6427a671d011030835f35fe2d4ed46ead4d2b03ffc6c356fd15e4b/msgspec-0.21.0-cp312-cp312-win_amd64.whl", hash = "sha256:c010790508a9fbe1b9328240ca8840130629b0055c52f58838d22d57ece10667", size = 189713, upload-time = "2026-04-08T19:57:15.055Z" },
    { url = "https://files.pythonhosted.org/packages/0c/fa/679f36fd5c98a676c6e2dcd25946d77ff7c28465ae9aba203a93d71774fd/msgspec-0.21.0-cp312-cp312-win_arm64.whl", hash = "sha256:19646187cdf5b94534c8697035c6f86b41b765260074203b40553c2fc51ac00b", size = 175137, upload-time = "2026-04-08T19:57:16.54Z" },
    { url = "https://files.pythonhosted.org/packages/03/bc/41bc2f0d9374117287a561cf8ec722bfe103ba35423580af572f74c73e99/msgspec-0.21.0-cp313-cp313-macosx_10_13_x86_64.whl", hash = "sha256:8843a8953109ccb56d484d238aaa93fd64bd892bacaa73f15891d12a03c75220", size = 195915, upload-time = "2026-04-08T19:57:17.688Z" },
    { url = "https://files.pythonhosted.org/packages/5c/85/a40a8202c718bc7d87bce4f5fe0189252fbcef8021936e34189ed4453ffb/msgspec-0.21.0-cp313-cp313-macosx_11_0_arm64.whl", hash = "sha256:ec3fc07f61c915d3001a4733a6bebcbfb35298601495e939fb38d645e3c8ffce", size = 188286, upload-time = "2026-04-08T19:57:18.959Z" },
    { url = "https://files.pythonhosted.org/packages/c6/e5/c775da2cc45758c0c001db89d49ad95978a971de7ed82efecb72e7f0c5d0/msgspec-0.21.0-cp313-cp313-manylinux2014_aarch64.manylinux_2_17_aarch64.manylinux_2_28_aarch64.whl", hash = "sha256:ef540261ad9cbe1662ba1e6ebc64230532cf23d0c6c01ea7a7fcb383ec4c8008", size = 218639, upload-time = "2026-04-08T19:57:20.232Z" },
    { url = "https://files.pythonhosted.org/packages/75/de/f6ea46e9ba3edd5f69bc0298aa59611ad59bd32fab69a13c163fce47c2f9/msgspec-0.21.0-cp313-cp313-manylinux2014_x86_64.manylinux_2_17_x86_64.manylinux_2_28_x86_64.whl", hash = "sha256:f851f5d4356934086657dfae231115cbcfc5796e9aac604441d2a506f5c78d33", size = 224825, upload-time = "2026-04-08T19:57:21.429Z" },
    { url = "https://files.pythonhosted.org/packages/71/71/d188c26842138c3172d680020cfde078c3ef6b5b0fba9d16230333489a42/msgspec-0.21.0-cp313-cp313-musllinux_1_2_aarch64.whl", hash = "sha256:dad302178de0868b2ffa4de3a0072e51843106059dab5492c75743197c444736", size = 222517, upload-time = "2026-04-08T19:57:22.755Z" },
    { url = "https://files.pythonhosted.org/packages/03/ce/a7186a8024490fd41a190d139d423bd887821e79a82f97dab4283604ec35/msgspec-0.21.0-cp313-cp313-musllinux_1_2_x86_64.whl", hash = "sha256:0ceb9ef0b6ba4fef4c9da09595f9105cc02e8eb262df0d6220f22370ffdc2ec0", size = 227079, upload-time = "2026-04-08T19:57:24.08Z" },
    { url = "https://files.pythonhosted.org/packages/af/a7/bcf3562090f4759414cae67a92db937e163083e4b2aed4eb1a021aa9188b/msgspec-0.21.0-cp313-cp313-win_amd64.whl", hash = "sha256:57af1488174eb944b626b2f25838f214966284462458a2bfce44b9adfad725bf", size = 189627, upload-time = "2026-04-08T19:57:25.714Z" },
    { url = "https://files.pythonhosted.org/packages/2a/bb/2c7bda6c8d0378c17e5523a6cd0f1ce22ab43f6934ab5a7eec748a7e0cc0/msgspec-0.21.0-cp313-cp313-win_arm64.whl", hash = "sha256:b0088fbd0d2eec986df7cf4f17eec97c8a1aaccf9dd4e0b72f4794522fa83f65", size = 175167, upload-time = "2026-04-08T19:57:26.919Z" },
    { url = "https://files.pythonhosted.org/packages/f6/bc/2a705dcf966c604240c271c03480e8f36090c0b7c5dd4701d77d493a07f9/msgspec-0.21.0-cp314-cp314-macosx_10_15_x86_64.whl", hash = "sha256:21b4b4bbd6d6fe49628a9ad115b50b1546e706dec7aaf747afd32b9a75a6e0aa", size = 196007, upload-time = "2026-04-08T19:57:28.286Z" },
    { url = "https://files.pythonhosted.org/packages/35/12/8950cb18dd53c0c83fdd942e0196fe0b3f4cc38d7dbe199c01ee57d81c3e/msgspec-0.21.0-cp314-cp314-macosx_11_0_arm64.whl", hash = "sha256:5e139825a8ca0c33496fd0f050d2ba89c93f0548e4ab877a0329ac45317451fb", size = 188544, upload-time = "2026-04-08T19:57:30.165Z" },
    { url = "https://files.pythonhosted.org/packages/41/14/862ed7c69ee77e1c9774988e6d57f6b0f782c95e91ec313d93785c61168d/msgspec-0.21.0-cp314-cp314-manylinux2014_aarch64.manylinux_2_17_aarch64.manylinux_2_28_aarch64.whl", hash = "sha256:4a9126c287092a7225115f3372f91b2d38a36148a05cb8da3e827eaf61329ddc", size = 219612, upload-time = "2026-04-08T19:57:31.502Z" },
    { url = "https://files.pythonhosted.org/packages/00/d1/a516be3fb9c61dfea98fd262ce1aceaae2f7e665e750a1a8eaf96d5af5aa/msgspec-0.21.0-cp314-cp314-manylinux2014_x86_64.manylinux_2_17_x86_64.manylinux_2_28_x86_64.whl", hash = "sha256:3b32866fc3faebe7e09b2fa151fb9858c36e9f133b4ee8132c0f6beea5f2b6c0", size = 224722, upload-time = "2026-04-08T19:57:32.874Z" },
    { url = "https://files.pythonhosted.org/packages/3c/b8/b67dce3cac2604d199c3d3aac1df780b92856861482cbc8ca5f53dcde691/msgspec-0.21.0-cp314-cp314-musllinux_1_2_aarch64.whl", hash = "sha256:98f5c4350979da05340782b267b9bea22bfddca10276f45fa374e0765c058303", size = 223319, upload-time = "2026-04-08T19:57:34.029Z" },
    { url = "https://files.pythonhosted.org/packages/78/7d/9a9bea17363025390bd0288f72298cf5323f9d39ddf3fcc1ebc6a4b7ef64/msgspec-0.21.0-cp314-cp314-musllinux_1_2_x86_64.whl", hash = "sha256:ec4542f7a2c354c8929aa2e2986b184ff84071d19a55d5e6a3b43c3b3a38b128", size = 226969, upload-time = "2026-04-08T19:57:35.304Z" },
    { url = "https://files.pythonhosted.org/packages/f3/66/3d57029a4329c67ac8dd00374279b823873b46c4fa797b8e6096e3a749b7/msgspec-0.21.0-cp314-cp314-win_amd64.whl", hash = "sha256:1ddc2de6af2adcd07b6d6f6745949eb58963e0f658a987313814954bb5489b26", size = 193594, upload-time = "2026-04-08T19:57:37.014Z" },
    { url = "https://files.pythonhosted.org/packages/f1/e5/746a018d8da7f0d1b26cb6cc8662420fad578917bf4d73482c9cb0c25eca/msgspec-0.21.0-cp314-cp314-win_arm64.whl", hash = "sha256:0e032189438ee162fc66a528e0e26d578c8e5c30b0a8e1f1a78aa96cc27a36d1", size = 178893, upload-time = "2026-04-08T19:57:38.394Z" },
    { url = "https://files.pythonhosted.org/packages/91/eb/2c999c30b205da592ccaf650e5be56e22aefb65008b25e654eb428299f72/msgspec-0.21.0-cp314-cp314t-macosx_10_15_x86_64.whl", hash = "sha256:549dc09f6796da9f0ac3c34c2bb9c10db85de723eb075dcf837f83968ecedc97", size = 199939, upload-time = "2026-04-08T19:57:39.776Z" },
    { url = "https://files.pythonhosted.org/packages/88/31/8b94b749a69514357c54d7a5027b5280898ed28c39b3ede78427c3aa7bed/msgspec-0.21.0-cp314-cp314t-macosx_11_0_arm64.whl", hash = "sha256:e14c3a27a97ca9bb03eb9d5612609b141068d98eeb210c08e5fbf2556d601e99", size = 192586, upload-time = "2026-04-08T19:57:41.101Z" },
    { url = "https://files.pythonhosted.org/packages/1c/8a/ab4d49c9ccbc4e12072d76323bb9ddf670b6c7634a508b8b3bbd31434954/msgspec-0.21.0-cp314-cp314t-manylinux2014_aarch64.manylinux_2_17_aarch64.manylinux_2_28_aarch64.whl", hash = "sha256:6d00088bd8bf00c3ed3e2f3fef78cad2ce871c5599df0624928c6762fc7671f6", size = 226075, upload-time = "2026-04-08T19:57:42.415Z" },
    { url = "https://files.pythonhosted.org/packages/57/34/2a2642df1cf93ba7a73912aedadd7fe8372f558ce41d3e9db5c3634352ec/msgspec-0.21.0-cp314-cp314t-manylinux2014_x86_64.manylinux_2_17_x86_64.manylinux_2_28_x86_64.whl", hash = "sha256:c3d7545089ae92d0d6f2dd5dd96814446c58eff360af050f734fafed7f72c8f5", size = 229528, upload-time = "2026-04-08T19:57:43.721Z" },
    { url = "https://files.pythonhosted.org/packages/12/1f/a1faffbbb81e01c2d388aa8589b8d0efa54a1813c9234858978e1bc5fdb5/msgspec-0.21.0-cp314-cp314t-musllinux_1_2_aarch64.whl", hash = "sha256:bceae6627c37eaac2379cabf9fa612ffe5fa64f23c90912019820423b0df7009", size = 230258, upload-time = "2026-04-08T19:57:45.064Z" },
    { url = "https://files.pythonhosted.org/packages/aa/f5/63bc93a66228853f0aa6c02d0dcec276be383ba0ab61b71a5915432affd0/msgspec-0.21.0-cp314-cp314t-musllinux_1_2_x86_64.whl", hash = "sha256:5298b4a4ac55ed78234b8c206e6ab5aa5c5bf2573664c76205e89c54282df1e6", size = 231624, upload-time = "2026-04-08T19:57:46.687Z" },
    { url = "https://files.pythonhosted.org/packages/c1/32/a6415442eb243ee93e63adf85756630c64c4377e207f5f907de4e1d5b283/msgspec-0.21.0-cp314-cp314t-win_amd64.whl", hash = "sha256:640e15c6ef5003575f0c16c96bbd25f92b42c5f02e27d4d0c08de9551c288cbb", size = 206397, upload-time = "2026-04-08T19:57:47.967Z" },
    { url = "https://files.pythonhosted.org/packages/bd/a4/7e7e36cf57a4870b5b223d2ea19c4b78c32e6e6dcd2612588ddf69a97c17/msgspec-0.21.0-cp314-cp314t-win_arm64.whl", hash = "sha256:91af695ec681bf6a114d7422b76c5b8b51ce698e89152a0fafaca6fad50478b0", size = 182950, upload-time = "2026-04-08T19:57:49.286Z" },
]

[[package]]
name = "paho-mqtt"
version = "2.1.0"
source = { registry = "https://pypi.org/simple" }
sdist = { url = "https://files.pythonhosted.org/packages/39/15/0a6214e76d4d32e7f663b109cf71fb22561c2be0f701d67f93950cd40542/paho_mqtt-2.1.0.tar.gz", hash = "sha256:12d6e7511d4137555a3f6ea167ae846af2c7357b10bc6fa4f7c3968fc1723834", size = 148848, upload-time = "2024-04-29T19:52:55.591Z" }
wheels = [
    { url = "https://files.pythonhosted.org/packages/c4/cb/00451c3cf31790287768bb12c6bec834f5d292eaf3022afc88e14b8afc94/paho_mqtt-2.1.0-py3-none-any.whl", hash = "sha256:6db9ba9b34ed5bc6b6e3812718c7e06e2fd7444540df2455d2c51bd58808feee", size = 67219, upload-time = "2024-04-29T19:52:48.345Z" },
]

[[package]]
name = "tv-orchestrator"
version = "0.1.0"
source = { virtual = "." }
dependencies = [
    { name = "msgspec" },
    { name = "paho-mqtt" },
]

[package.metadata]
requires-dist = [
    { name = "msgspec", specifier = ">=0.21.0" },
    { name = "paho-mqtt", specifier = ">=2.1.0" },
]
